
Microsoft Visual Studio Solution File, Format Version 12.00
# Visual Studio Version 17
VisualStudioVersion = 17.3.32811.315
MinimumVisualStudioVersion = 10.0.40219.1
Project("{FAE04EC0-301F-11D3-BF4B-00C04F79EFBC}") = "prova pr2- 1 bim", "prova pr2- 1 bim\prova pr2- 1 bim.csproj", "{4577EBF9-5364-42AC-A135-1F6EB25343B2}"
EndProject
Global
	GlobalSection(SolutionConfigurationPlatforms) = preSolution
		Debug|Any CPU = Debug|Any CPU
		Release|Any CPU = Release|Any CPU
	EndGlobalSection
	GlobalSection(ProjectConfigurationPlatforms) = postSolution
		{4577EBF9-5364-42AC-A135-1F6EB25343B2}.Debug|Any CPU.ActiveCfg = Debug|Any CPU
		{4577EBF9-5364-42AC-A135-1F6EB25343B2}.Debug|Any CPU.Build.0 = Debug|Any CPU
		{4577EBF9-5364-42AC-A135-1F6EB25343B2}.Release|Any CPU.ActiveCfg = Release|Any CPU
		{4577EBF9-5364-42AC-A135-1F6EB25343B2}.Release|Any CPU.Build.0 = Release|Any CPU
	EndGlobalSection
	GlobalSection(SolutionProperties) = preSolution
		HideSolutionNode = FALSE
	EndGlobalSection
	GlobalSection(ExtensibilityGlobals) = postSolution
		SolutionGuid = {924C4690-92A0-4326-8ED1-915E0AB8B6AF}
	EndGlobalSection
EndGlobal
